
Microsoft Visual Studio Solution File, Format Version 12.00
# Visual Studio Version 16
VisualStudioVersion = 16.0.31410.357
MinimumVisualStudioVersion = 10.0.40219.1
Project("{FAE04EC0-301F-11D3-BF4B-00C04F79EFBC}") = "introAPI", "introAPI\introAPI.csproj", "{3343F718-76E7-45C7-B9C2-BB3F6EAF9AE6}"
EndProject
Global
	GlobalSection(SolutionConfigurationPlatforms) = preSolution
		Debug|Any CPU = Debug|Any CPU
		Release|Any CPU = Release|Any CPU
	EndGlobalSection
	GlobalSection(ProjectConfigurationPlatforms) = postSolution
		{3343F718-76E7-45C7-B9C2-BB3F6EAF9AE6}.Debug|Any CPU.ActiveCfg = Debug|Any CPU
		{3343F718-76E7-45C7-B9C2-BB3F6EAF9AE6}.Debug|Any CPU.Build.0 = Debug|Any CPU
		{3343F718-76E7-45C7-B9C2-BB3F6EAF9AE6}.Release|Any CPU.ActiveCfg = Release|Any CPU
		{3343F718-76E7-45C7-B9C2-BB3F6EAF9AE6}.Release|Any CPU.Build.0 = Release|Any CPU
	EndGlobalSection
	GlobalSection(SolutionProperties) = preSolution
		HideSolutionNode = FALSE
	EndGlobalSection
	GlobalSection(ExtensibilityGlobals) = postSolution
		SolutionGuid = {2A3D03D5-D4D4-4CA6-BF2E-E74246B55D08}
	EndGlobalSection
EndGlobal
